
Microsoft Visual Studio Solution File, Format Version 12.00
Project("{FAE04EC0-301F-11D3-BF4B-00C04F79EFBC}") = "AlgorithmsAndDataStruct", "AlgorithmsAndDataStruct\AlgorithmsAndDataStruct.csproj", "{47291050-6D24-43D8-AE6B-9027C2AF365A}"
EndProject
Project("{FAE04EC0-301F-11D3-BF4B-00C04F79EFBC}") = "Lesson1_Task2", "Lesson1_Task2\Lesson1_Task2.csproj", "{DB7F986C-5CF0-4FD3-873B-634FEA8AF6B6}"
EndProject
Project("{FAE04EC0-301F-11D3-BF4B-00C04F79EFBC}") = "Lesson1_Task3", "Lesson1_Task3\Lesson1_Task3.csproj", "{B36A5E4A-41B2-4A6C-9CE4-A3EED81E24C0}"
EndProject
Project("{2150E333-8FDC-42A3-9474-1A3956D46DE8}") = "Lesson1", "Lesson1", "{B69948D5-6915-40BC-B901-B22D370C7BD5}"
EndProject
Project("{2150E333-8FDC-42A3-9474-1A3956D46DE8}") = "Lesson2", "Lesson2", "{E04DD701-B779-4475-B18C-C60991201474}"
EndProject
Project("{FAE04EC0-301F-11D3-BF4B-00C04F79EFBC}") = "Task1", "Task1\Task1.csproj", "{6172618D-F54F-49B4-9BD1-B861920CA1A8}"
EndProject
Global
	GlobalSection(SolutionConfigurationPlatforms) = preSolution
		Debug|Any CPU = Debug|Any CPU
		Release|Any CPU = Release|Any CPU
	EndGlobalSection
	GlobalSection(ProjectConfigurationPlatforms) = postSolution
		{47291050-6D24-43D8-AE6B-9027C2AF365A}.Debug|Any CPU.ActiveCfg = Debug|Any CPU
		{47291050-6D24-43D8-AE6B-9027C2AF365A}.Debug|Any CPU.Build.0 = Debug|Any CPU
		{47291050-6D24-43D8-AE6B-9027C2AF365A}.Release|Any CPU.ActiveCfg = Release|Any CPU
		{47291050-6D24-43D8-AE6B-9027C2AF365A}.Release|Any CPU.Build.0 = Release|Any CPU
		{DB7F986C-5CF0-4FD3-873B-634FEA8AF6B6}.Debug|Any CPU.ActiveCfg = Debug|Any CPU
		{DB7F986C-5CF0-4FD3-873B-634FEA8AF6B6}.Debug|Any CPU.Build.0 = Debug|Any CPU
		{DB7F986C-5CF0-4FD3-873B-634FEA8AF6B6}.Release|Any CPU.ActiveCfg = Release|Any CPU
		{DB7F986C-5CF0-4FD3-873B-634FEA8AF6B6}.Release|Any CPU.Build.0 = Release|Any CPU
		{B36A5E4A-41B2-4A6C-9CE4-A3EED81E24C0}.Debug|Any CPU.ActiveCfg = Debug|Any CPU
		{B36A5E4A-41B2-4A6C-9CE4-A3EED81E24C0}.Debug|Any CPU.Build.0 = Debug|Any CPU
		{B36A5E4A-41B2-4A6C-9CE4-A3EED81E24C0}.Release|Any CPU.ActiveCfg = Release|Any CPU
		{B36A5E4A-41B2-4A6C-9CE4-A3EED81E24C0}.Release|Any CPU.Build.0 = Release|Any CPU
		{6172618D-F54F-49B4-9BD1-B861920CA1A8}.Debug|Any CPU.ActiveCfg = Debug|Any CPU
		{6172618D-F54F-49B4-9BD1-B861920CA1A8}.Debug|Any CPU.Build.0 = Debug|Any CPU
		{6172618D-F54F-49B4-9BD1-B861920CA1A8}.Release|Any CPU.ActiveCfg = Release|Any CPU
		{6172618D-F54F-49B4-9BD1-B861920CA1A8}.Release|Any CPU.Build.0 = Release|Any CPU
	EndGlobalSection
	GlobalSection(NestedProjects) = preSolution
		{47291050-6D24-43D8-AE6B-9027C2AF365A} = {B69948D5-6915-40BC-B901-B22D370C7BD5}
		{DB7F986C-5CF0-4FD3-873B-634FEA8AF6B6} = {B69948D5-6915-40BC-B901-B22D370C7BD5}
		{B36A5E4A-41B2-4A6C-9CE4-A3EED81E24C0} = {B69948D5-6915-40BC-B901-B22D370C7BD5}
		{6172618D-F54F-49B4-9BD1-B861920CA1A8} = {E04DD701-B779-4475-B18C-C60991201474}
	EndGlobalSection
EndGlobal
